// !$*UTF8*$!
{
	archiveVersion = 1;
	classes = {
	};
	objectVersion = 50;
	objects = {

/* Begin PBXBuildFile section */
		F2796FAB2475CDC200D15094 /* AppDelegate.swift in Sources */ = {isa = PBXBuildFile; fileRef = F2796FAA2475CDC200D15094 /* AppDelegate.swift */; };
		F2796FAD2475CDC200D15094 /* ViewController.swift in Sources */ = {isa = PBXBuildFile; fileRef = F2796FAC2475CDC200D15094 /* ViewController.swift */; };
		F2796FAF2475CDC400D15094 /* Assets.xcassets in Resources */ = {isa = PBXBuildFile; fileRef = F2796FAE2475CDC400D15094 /* Assets.xcassets */; };
		F2796FB22475CDC400D15094 /* Main.storyboard in Resources */ = {isa = PBXBuildFile; fileRef = F2796FB02475CDC400D15094 /* Main.storyboard */; };
		F2796FBD2475CFD900D15094 /* MBPopupListController.swift in Sources */ = {isa = PBXBuildFile; fileRef = F2796FBB2475CFD900D15094 /* MBPopupListController.swift */; };
		F2796FBE2475CFD900D15094 /* MBTagPopoverController.xib in Resources */ = {isa = PBXBuildFile; fileRef = F2796FBC2475CFD900D15094 /* MBTagPopoverController.xib */; };
		F2796FC42475CFF100D15094 /* Extensions.swift in Sources */ = {isa = PBXBuildFile; fileRef = F2796FBF2475CFF100D15094 /* Extensions.swift */; };
		F2796FC62475CFF100D15094 /* MBTagView.swift in Sources */ = {isa = PBXBuildFile; fileRef = F2796FC12475CFF100D15094 /* MBTagView.swift */; };
		F2796FC72475CFF100D15094 /* MBTagCloseButton.swift in Sources */ = {isa = PBXBuildFile; fileRef = F2796FC22475CFF100D15094 /* MBTagCloseButton.swift */; };
		F2796FC82475CFF100D15094 /* MBTagViewController.swift in Sources */ = {isa = PBXBuildFile; fileRef = F2796FC32475CFF100D15094 /* MBTagViewController.swift */; };
		F2796FCA2475D0F800D15094 /* LICENSE in Resources */ = {isa = PBXBuildFile; fileRef = F2796FC92475D0F800D15094 /* LICENSE */; };
		F2796FCC2475D26500D15094 /* README.md in Resources */ = {isa = PBXBuildFile; fileRef = F2796FCB2475D26500D15094 /* README.md */; };
		F2796FD02475D90000D15094 /* MBPopupButtonCell.swift in Sources */ = {isa = PBXBuildFile; fileRef = F2796FCE2475D90000D15094 /* MBPopupButtonCell.swift */; };
		F2796FD12475D90000D15094 /* MBPopupButton.swift in Sources */ = {isa = PBXBuildFile; fileRef = F2796FCF2475D90000D15094 /* MBPopupButton.swift */; };
		F2796FD42475F1A000D15094 /* MBPopupItems.swift in Sources */ = {isa = PBXBuildFile; fileRef = F2796FD32475F1A000D15094 /* MBPopupItems.swift */; };
/* End PBXBuildFile section */

/* Begin PBXFileReference section */
		F2796FA72475CDC200D15094 /* MBCustomPopupButton.app */ = {isa = PBXFileReference; explicitFileType = wrapper.application; includeInIndex = 0; path = MBCustomPopupButton.app; sourceTree = BUILT_PRODUCTS_DIR; };
		F2796FAA2475CDC200D15094 /* AppDelegate.swift */ = {isa = PBXFileReference; lastKnownFileType = sourcecode.swift; path = AppDelegate.swift; sourceTree = "<group>"; };
		F2796FAC2475CDC200D15094 /* ViewController.swift */ = {isa = PBXFileReference; lastKnownFileType = sourcecode.swift; path = ViewController.swift; sourceTree = "<group>"; };
		F2796FAE2475CDC400D15094 /* Assets.xcassets */ = {isa = PBXFileReference; lastKnownFileType = folder.assetcatalog; path = Assets.xcassets; sourceTree = "<group>"; };
		F2796FB12475CDC400D15094 /* Base */ = {isa = PBXFileReference; lastKnownFileType = file.storyboard; name = Base; path = Base.lproj/Main.storyboard; sourceTree = "<group>"; };
		F2796FB32475CDC400D15094 /* Info.plist */ = {isa = PBXFileReference; lastKnownFileType = text.plist.xml; path = Info.plist; sourceTree = "<group>"; };
		F2796FB42475CDC400D15094 /* MBCustomPopupButton.entitlements */ = {isa = PBXFileReference; lastKnownFileType = text.plist.entitlements; path = MBCustomPopupButton.entitlements; sourceTree = "<group>"; };
		F2796FBB2475CFD900D15094 /* MBPopupListController.swift */ = {isa = PBXFileReference; fileEncoding = 4; lastKnownFileType = sourcecode.swift; path = MBPopupListController.swift; sourceTree = "<group>"; };
		F2796FBC2475CFD900D15094 /* MBTagPopoverController.xib */ = {isa = PBXFileReference; fileEncoding = 4; lastKnownFileType = file.xib; path = MBTagPopoverController.xib; sourceTree = "<group>"; };
		F2796FBF2475CFF100D15094 /* Extensions.swift */ = {isa = PBXFileReference; fileEncoding = 4; lastKnownFileType = sourcecode.swift; path = Extensions.swift; sourceTree = "<group>"; };
		F2796FC12475CFF100D15094 /* MBTagView.swift */ = {isa = PBXFileReference; fileEncoding = 4; lastKnownFileType = sourcecode.swift; path = MBTagView.swift; sourceTree = "<group>"; };
		F2796FC22475CFF100D15094 /* MBTagCloseButton.swift */ = {isa = PBXFileReference; fileEncoding = 4; lastKnownFileType = sourcecode.swift; path = MBTagCloseButton.swift; sourceTree = "<group>"; };
		F2796FC32475CFF100D15094 /* MBTagViewController.swift */ = {isa = PBXFileReference; fileEncoding = 4; lastKnownFileType = sourcecode.swift; path = MBTagViewController.swift; sourceTree = "<group>"; };
		F2796FC92475D0F800D15094 /* LICENSE */ = {isa = PBXFileReference; lastKnownFileType = text; path = LICENSE; sourceTree = "<group>"; };
		F2796FCB2475D26500D15094 /* README.md */ = {isa = PBXFileReference; fileEncoding = 4; lastKnownFileType = net.daringfireball.markdown; path = README.md; sourceTree = "<group>"; };
		F2796FCE2475D90000D15094 /* MBPopupButtonCell.swift */ = {isa = PBXFileReference; fileEncoding = 4; lastKnownFileType = sourcecode.swift; path = MBPopupButtonCell.swift; sourceTree = "<group>"; };
		F2796FCF2475D90000D15094 /* MBPopupButton.swift */ = {isa = PBXFileReference; fileEncoding = 4; lastKnownFileType = sourcecode.swift; path = MBPopupButton.swift; sourceTree = "<group>"; };
		F2796FD32475F1A000D15094 /* MBPopupItems.swift */ = {isa = PBXFileReference; lastKnownFileType = sourcecode.swift; path = MBPopupItems.swift; sourceTree = "<group>"; };
/* End PBXFileReference section */

/* Begin PBXFrameworksBuildPhase section */
		F2796FA42475CDC200D15094 /* Frameworks */ = {
			isa = PBXFrameworksBuildPhase;
			buildActionMask = 2147483647;
			files = (
			);
			runOnlyForDeploymentPostprocessing = 0;
		};
/* End PBXFrameworksBuildPhase section */

/* Begin PBXGroup section */
		F2796F9E2475CDC200D15094 = {
			isa = PBXGroup;
			children = (
				F2796FCB2475D26500D15094 /* README.md */,
				F2796FC92475D0F800D15094 /* LICENSE */,
				F2796FA92475CDC200D15094 /* MBCustomPopupButton */,
				F2796FA82475CDC200D15094 /* Products */,
			);
			sourceTree = "<group>";
		};
		F2796FA82475CDC200D15094 /* Products */ = {
			isa = PBXGroup;
			children = (
				F2796FA72475CDC200D15094 /* MBCustomPopupButton.app */,
			);
			name = Products;
			sourceTree = "<group>";
		};
		F2796FA92475CDC200D15094 /* MBCustomPopupButton */ = {
			isa = PBXGroup;
			children = (
				F2796FBA2475CFBC00D15094 /* Sources */,
				F2796FAA2475CDC200D15094 /* AppDelegate.swift */,
				F2796FAC2475CDC200D15094 /* ViewController.swift */,
				F2796FAE2475CDC400D15094 /* Assets.xcassets */,
				F2796FB02475CDC400D15094 /* Main.storyboard */,
				F2796FB32475CDC400D15094 /* Info.plist */,
				F2796FB42475CDC400D15094 /* MBCustomPopupButton.entitlements */,
			);
			path = MBCustomPopupButton;
			sourceTree = "<group>";
		};
		F2796FBA2475CFBC00D15094 /* Sources */ = {
			isa = PBXGroup;
			children = (
				F2796FD22475F18200D15094 /* New Group */,
				F2796FCD2475D8E500D15094 /* MBButton */,
				F2796FBF2475CFF100D15094 /* Extensions.swift */,
				F2796FC22475CFF100D15094 /* MBTagCloseButton.swift */,
				F2796FC12475CFF100D15094 /* MBTagView.swift */,
				F2796FC32475CFF100D15094 /* MBTagViewController.swift */,
				F2796FBB2475CFD900D15094 /* MBPopupListController.swift */,
				F2796FBC2475CFD900D15094 /* MBTagPopoverController.xib */,
				F2796FD32475F1A000D15094 /* MBPopupItems.swift */,
			);
			path = Sources;
			sourceTree = "<group>";
		};
		F2796FCD2475D8E500D15094 /* MBButton */ = {
			isa = PBXGroup;
			children = (
				F2796FCF2475D90000D15094 /* MBPopupButton.swift */,
				F2796FCE2475D90000D15094 /* MBPopupButtonCell.swift */,
			);
			path = MBButton;
			sourceTree = "<group>";
		};
		F2796FD22475F18200D15094 /* New Group */ = {
			isa = PBXGroup;
			children = (
			);
			path = "New Group";
			sourceTree = "<group>";
		};
/* End PBXGroup section */

/* Begin PBXNativeTarget section */
		F2796FA62475CDC200D15094 /* MBCustomPopupButton */ = {
			isa = PBXNativeTarget;
			buildConfigurationList = F2796FB72475CDC400D15094 /* Build configuration list for PBXNativeTarget "MBCustomPopupButton" */;
			buildPhases = (
				F2796FA32475CDC200D15094 /* Sources */,
				F2796FA42475CDC200D15094 /* Frameworks */,
				F2796FA52475CDC200D15094 /* Resources */,
			);
			buildRules = (
			);
			dependencies = (
			);
			name = MBCustomPopupButton;
			productName = MBCustomPopupButton;
			productReference = F2796FA72475CDC200D15094 /* MBCustomPopupButton.app */;
			productType = "com.apple.product-type.application";
		};
/* End PBXNativeTarget section */

/* Begin PBXProject section */
		F2796F9F2475CDC200D15094 /* Project object */ = {
			isa = PBXProject;
			attributes = {
				LastSwiftUpdateCheck = 1140;
				LastUpgradeCheck = 1140;
				ORGANIZATIONNAME = Minglebit;
				TargetAttributes = {
					F2796FA62475CDC200D15094 = {
						CreatedOnToolsVersion = 11.4.1;
					};
				};
			};
			buildConfigurationList = F2796FA22475CDC200D15094 /* Build configuration list for PBXProject "MBCustomPopupButton" */;
			compatibilityVersion = "Xcode 9.3";
			developmentRegion = en;
			hasScannedForEncodings = 0;
			knownRegions = (
				en,
				Base,
			);
			mainGroup = F2796F9E2475CDC200D15094;
			productRefGroup = F2796FA82475CDC200D15094 /* Products */;
			projectDirPath = "";
			projectRoot = "";
			targets = (
				F2796FA62475CDC200D15094 /* MBCustomPopupButton */,
			);
		};
/* End PBXProject section */

/* Begin PBXResourcesBuildPhase section */
		F2796FA52475CDC200D15094 /* Resources */ = {
			isa = PBXResourcesBuildPhase;
			buildActionMask = 2147483647;
			files = (
				F2796FAF2475CDC400D15094 /* Assets.xcassets in Resources */,
				F2796FBE2475CFD900D15094 /* MBTagPopoverController.xib in Resources */,
				F2796FCC2475D26500D15094 /* README.md in Resources */,
				F2796FCA2475D0F800D15094 /* LICENSE in Resources */,
				F2796FB22475CDC400D15094 /* Main.storyboard in Resources */,
			);
			runOnlyForDeploymentPostprocessing = 0;
		};
/* End PBXResourcesBuildPhase section */

/* Begin PBXSourcesBuildPhase section */
		F2796FA32475CDC200D15094 /* Sources */ = {
			isa = PBXSourcesBuildPhase;
			buildActionMask = 2147483647;
			files = (
				F2796FD02475D90000D15094 /* MBPopupButtonCell.swift in Sources */,
				F2796FC62475CFF100D15094 /* MBTagView.swift in Sources */,
				F2796FD42475F1A000D15094 /* MBPopupItems.swift in Sources */,
				F2796FAD2475CDC200D15094 /* ViewController.swift in Sources */,
				F2796FAB2475CDC200D15094 /* AppDelegate.swift in Sources */,
				F2796FD12475D90000D15094 /* MBPopupButton.swift in Sources */,
				F2796FBD2475CFD900D15094 /* MBPopupListController.swift in Sources */,
				F2796FC42475CFF100D15094 /* Extensions.swift in Sources */,
				F2796FC82475CFF100D15094 /* MBTagViewController.swift in Sources */,
				F2796FC72475CFF100D15094 /* MBTagCloseButton.swift in Sources */,
			);
			runOnlyForDeploymentPostprocessing = 0;
		};
/* End PBXSourcesBuildPhase section */

/* Begin PBXVariantGroup section */
		F2796FB02475CDC400D15094 /* Main.storyboard */ = {
			isa = PBXVariantGroup;
			children = (
				F2796FB12475CDC400D15094 /* Base */,
			);
			name = Main.storyboard;
			sourceTree = "<group>";
		};
/* End PBXVariantGroup section */

/* Begin XCBuildConfiguration section */
		F2796FB52475CDC400D15094 /* Debug */ = {
			isa = XCBuildConfiguration;
			buildSettings = {
				ALWAYS_SEARCH_USER_PATHS = NO;
				CLANG_ANALYZER_NONNULL = YES;
				CLANG_ANALYZER_NUMBER_OBJECT_CONVERSION = YES_AGGRESSIVE;
				CLANG_CXX_LANGUAGE_STANDARD = "gnu++14";
				CLANG_CXX_LIBRARY = "libc++";
				CLANG_ENABLE_MODULES = YES;
				CLANG_ENABLE_OBJC_ARC = YES;
				CLANG_ENABLE_OBJC_WEAK = YES;
				CLANG_WARN_BLOCK_CAPTURE_AUTORELEASING = YES;
				CLANG_WARN_BOOL_CONVERSION = YES;
				CLANG_WARN_COMMA = YES;
				CLANG_WARN_CONSTANT_CONVERSION = YES;
				CLANG_WARN_DEPRECATED_OBJC_IMPLEMENTATIONS = YES;
				CLANG_WARN_DIRECT_OBJC_ISA_USAGE = YES_ERROR;
				CLANG_WARN_DOCUMENTATION_COMMENTS = YES;
				CLANG_WARN_EMPTY_BODY = YES;
				CLANG_WARN_ENUM_CONVERSION = YES;
				CLANG_WARN_INFINITE_RECURSION = YES;
				CLANG_WARN_INT_CONVERSION = YES;
				CLANG_WARN_NON_LITERAL_NULL_CONVERSION = YES;
				CLANG_WARN_OBJC_IMPLICIT_RETAIN_SELF = YES;
				CLANG_WARN_OBJC_LITERAL_CONVERSION = YES;
				CLANG_WARN_OBJC_ROOT_CLASS = YES_ERROR;
				CLANG_WARN_RANGE_LOOP_ANALYSIS = YES;
				CLANG_WARN_STRICT_PROTOTYPES = YES;
				CLANG_WARN_SUSPICIOUS_MOVE = YES;
				CLANG_WARN_UNGUARDED_AVAILABILITY = YES_AGGRESSIVE;
				CLANG_WARN_UNREACHABLE_CODE = YES;
				CLANG_WARN__DUPLICATE_METHOD_MATCH = YES;
				COPY_PHASE_STRIP = NO;
				DEBUG_INFORMATION_FORMAT = dwarf;
				ENABLE_STRICT_OBJC_MSGSEND = YES;
				ENABLE_TESTABILITY = YES;
				GCC_C_LANGUAGE_STANDARD = gnu11;
				GCC_DYNAMIC_NO_PIC = NO;
				GCC_NO_COMMON_BLOCKS = YES;
				GCC_OPTIMIZATION_LEVEL = 0;
				GCC_PREPROCESSOR_DEFINITIONS = (
					"DEBUG=1",
					"$(inherited)",
				);
				GCC_WARN_64_TO_32_BIT_CONVERSION = YES;
				GCC_WARN_ABOUT_RETURN_TYPE = YES_ERROR;
				GCC_WARN_UNDECLARED_SELECTOR = YES;
				GCC_WARN_UNINITIALIZED_AUTOS = YES_AGGRESSIVE;
				GCC_WARN_UNUSED_FUNCTION = YES;
				GCC_WARN_UNUSED_VARIABLE = YES;
				MACOSX_DEPLOYMENT_TARGET = 10.15;
				MTL_ENABLE_DEBUG_INFO = INCLUDE_SOURCE;
				MTL_FAST_MATH = YES;
				ONLY_ACTIVE_ARCH = YES;
				SDKROOT = macosx;
				SWIFT_ACTIVE_COMPILATION_CONDITIONS = DEBUG;
				SWIFT_OPTIMIZATION_LEVEL = "-Onone";
			};
			name = Debug;
		};
		F2796FB62475CDC400D15094 /* Release */ = {
			isa = XCBuildConfiguration;
			buildSettings = {
				ALWAYS_SEARCH_USER_PATHS = NO;
				CLANG_ANALYZER_NONNULL = YES;
				CLANG_ANALYZER_NUMBER_OBJECT_CONVERSION = YES_AGGRESSIVE;
				CLANG_CXX_LANGUAGE_STANDARD = "gnu++14";
				CLANG_CXX_LIBRARY = "libc++";
				CLANG_ENABLE_MODULES = YES;
				CLANG_ENABLE_OBJC_ARC = YES;
				CLANG_ENABLE_OBJC_WEAK = YES;
				CLANG_WARN_BLOCK_CAPTURE_AUTORELEASING = YES;
				CLANG_WARN_BOOL_CONVERSION = YES;
				CLANG_WARN_COMMA = YES;
				CLANG_WARN_CONSTANT_CONVERSION = YES;
				CLANG_WARN_DEPRECATED_OBJC_IMPLEMENTATIONS = YES;
				CLANG_WARN_DIRECT_OBJC_ISA_USAGE = YES_ERROR;
				CLANG_WARN_DOCUMENTATION_COMMENTS = YES;
				CLANG_WARN_EMPTY_BODY = YES;
				CLANG_WARN_ENUM_CONVERSION = YES;
				CLANG_WARN_INFINITE_RECURSION = YES;
				CLANG_WARN_INT_CONVERSION = YES;
				CLANG_WARN_NON_LITERAL_NULL_CONVERSION = YES;
				CLANG_WARN_OBJC_IMPLICIT_RETAIN_SELF = YES;
				CLANG_WARN_OBJC_LITERAL_CONVERSION = YES;
				CLANG_WARN_OBJC_ROOT_CLASS = YES_ERROR;
				CLANG_WARN_RANGE_LOOP_ANALYSIS = YES;
				CLANG_WARN_STRICT_PROTOTYPES = YES;
				CLANG_WARN_SUSPICIOUS_MOVE = YES;
				CLANG_WARN_UNGUARDED_AVAILABILITY = YES_AGGRESSIVE;
				CLANG_WARN_UNREACHABLE_CODE = YES;
				CLANG_WARN__DUPLICATE_METHOD_MATCH = YES;
				COPY_PHASE_STRIP = NO;
				DEBUG_INFORMATION_FORMAT = "dwarf-with-dsym";
				ENABLE_NS_ASSERTIONS = NO;
				ENABLE_STRICT_OBJC_MSGSEND = YES;
				GCC_C_LANGUAGE_STANDARD = gnu11;
				GCC_NO_COMMON_BLOCKS = YES;
				GCC_WARN_64_TO_32_BIT_CONVERSION = YES;
				GCC_WARN_ABOUT_RETURN_TYPE = YES_ERROR;
				GCC_WARN_UNDECLARED_SELECTOR = YES;
				GCC_WARN_UNINITIALIZED_AUTOS = YES_AGGRESSIVE;
				GCC_WARN_UNUSED_FUNCTION = YES;
				GCC_WARN_UNUSED_VARIABLE = YES;
				MACOSX_DEPLOYMENT_TARGET = 10.15;
				MTL_ENABLE_DEBUG_INFO = NO;
				MTL_FAST_MATH = YES;
				SDKROOT = macosx;
				SWIFT_COMPILATION_MODE = wholemodule;
				SWIFT_OPTIMIZATION_LEVEL = "-O";
			};
			name = Release;
		};
		F2796FB82475CDC400D15094 /* Debug */ = {
			isa = XCBuildConfiguration;
			buildSettings = {
				ASSETCATALOG_COMPILER_APPICON_NAME = AppIcon;
				CODE_SIGN_ENTITLEMENTS = MBCustomPopupButton/MBCustomPopupButton.entitlements;
				CODE_SIGN_STYLE = Automatic;
				COMBINE_HIDPI_IMAGES = YES;
				DEVELOPMENT_TEAM = 538KWB89KF;
				ENABLE_HARDENED_RUNTIME = YES;
				INFOPLIST_FILE = MBCustomPopupButton/Info.plist;
				LD_RUNPATH_SEARCH_PATHS = (
					"$(inherited)",
					"@executable_path/../Frameworks",
				);
				PRODUCT_BUNDLE_IDENTIFIER = com.minglebit.MBCustomPopupButton;
				PRODUCT_NAME = "$(TARGET_NAME)";
				SWIFT_VERSION = 5.0;
			};
			name = Debug;
		};
		F2796FB92475CDC400D15094 /* Release */ = {
			isa = XCBuildConfiguration;
			buildSettings = {
				ASSETCATALOG_COMPILER_APPICON_NAME = AppIcon;
				CODE_SIGN_ENTITLEMENTS = MBCustomPopupButton/MBCustomPopupButton.entitlements;
				CODE_SIGN_STYLE = Automatic;
				COMBINE_HIDPI_IMAGES = YES;
				DEVELOPMENT_TEAM = 538KWB89KF;
				ENABLE_HARDENED_RUNTIME = YES;
				INFOPLIST_FILE = MBCustomPopupButton/Info.plist;
				LD_RUNPATH_SEARCH_PATHS = (
					"$(inherited)",
					"@executable_path/../Frameworks",
				);
				PRODUCT_BUNDLE_IDENTIFIER = com.minglebit.MBCustomPopupButton;
				PRODUCT_NAME = "$(TARGET_NAME)";
				SWIFT_VERSION = 5.0;
			};
			name = Release;
		};
/* End XCBuildConfiguration section */

/* Begin XCConfigurationList section */
		F2796FA22475CDC200D15094 /* Build configuration list for PBXProject "MBCustomPopupButton" */ = {
			isa = XCConfigurationList;
			buildConfigurations = (
				F2796FB52475CDC400D15094 /* Debug */,
				F2796FB62475CDC400D15094 /* Release */,
			);
			defaultConfigurationIsVisible = 0;
			defaultConfigurationName = Release;
		};
		F2796FB72475CDC400D15094 /* Build configuration list for PBXNativeTarget "MBCustomPopupButton" */ = {
			isa = XCConfigurationList;
			buildConfigurations = (
				F2796FB82475CDC400D15094 /* Debug */,
				F2796FB92475CDC400D15094 /* Release */,
			);
			defaultConfigurationIsVisible = 0;
			defaultConfigurationName = Release;
		};
/* End XCConfigurationList section */
	};
	rootObject = F2796F9F2475CDC200D15094 /* Project object */;
}
